
Microsoft Visual Studio Solution File, Format Version 12.00
# Visual Studio Version 16
VisualStudioVersion = 16.0.29326.143
MinimumVisualStudioVersion = 10.0.40219.1
Project("{FAE04EC0-301F-11D3-BF4B-00C04F79EFBC}") = "PupBuddy CA2 OanaSorin", "PupBuddy CA2 OanaSorin\PupBuddy CA2 OanaSorin.csproj", "{01319143-1620-414B-8DA0-854632DCE6DA}"
EndProject
Project("{FAE04EC0-301F-11D3-BF4B-00C04F79EFBC}") = "UnitTests", "UnitTests\UnitTests.csproj", "{B8ABA842-02A2-4D50-B0AD-CC62CA2121C3}"
EndProject
Global
	GlobalSection(SolutionConfigurationPlatforms) = preSolution
		Debug|Any CPU = Debug|Any CPU
		Release|Any CPU = Release|Any CPU
	EndGlobalSection
	GlobalSection(ProjectConfigurationPlatforms) = postSolution
		{01319143-1620-414B-8DA0-854632DCE6DA}.Debug|Any CPU.ActiveCfg = Debug|Any CPU
		{01319143-1620-414B-8DA0-854632DCE6DA}.Debug|Any CPU.Build.0 = Debug|Any CPU
		{01319143-1620-414B-8DA0-854632DCE6DA}.Release|Any CPU.ActiveCfg = Release|Any CPU
		{01319143-1620-414B-8DA0-854632DCE6DA}.Release|Any CPU.Build.0 = Release|Any CPU
		{B8ABA842-02A2-4D50-B0AD-CC62CA2121C3}.Debug|Any CPU.ActiveCfg = Debug|Any CPU
		{B8ABA842-02A2-4D50-B0AD-CC62CA2121C3}.Debug|Any CPU.Build.0 = Debug|Any CPU
		{B8ABA842-02A2-4D50-B0AD-CC62CA2121C3}.Release|Any CPU.ActiveCfg = Release|Any CPU
		{B8ABA842-02A2-4D50-B0AD-CC62CA2121C3}.Release|Any CPU.Build.0 = Release|Any CPU
	EndGlobalSection
	GlobalSection(SolutionProperties) = preSolution
		HideSolutionNode = FALSE
	EndGlobalSection
	GlobalSection(ExtensibilityGlobals) = postSolution
		SolutionGuid = {D073350A-3A98-46B1-BC76-336DD34C26F1}
	EndGlobalSection
EndGlobal
